
Microsoft Visual Studio Solution File, Format Version 12.00
# Visual Studio Version 17
VisualStudioVersion = 17.4.33122.133
MinimumVisualStudioVersion = 10.0.40219.1
Project("{FAE04EC0-301F-11D3-BF4B-00C04F79EFBC}") = "TREX", "TREX\TREX.csproj", "{F134CA02-57BE-44F0-8680-D4511E9725CA}"
EndProject
Global
	GlobalSection(SolutionConfigurationPlatforms) = preSolution
		Debug|Any CPU = Debug|Any CPU
		Release|Any CPU = Release|Any CPU
	EndGlobalSection
	GlobalSection(ProjectConfigurationPlatforms) = postSolution
		{F134CA02-57BE-44F0-8680-D4511E9725CA}.Debug|Any CPU.ActiveCfg = Debug|Any CPU
		{F134CA02-57BE-44F0-8680-D4511E9725CA}.Debug|Any CPU.Build.0 = Debug|Any CPU
		{F134CA02-57BE-44F0-8680-D4511E9725CA}.Release|Any CPU.ActiveCfg = Release|Any CPU
		{F134CA02-57BE-44F0-8680-D4511E9725CA}.Release|Any CPU.Build.0 = Release|Any CPU
	EndGlobalSection
	GlobalSection(SolutionProperties) = preSolution
		HideSolutionNode = FALSE
	EndGlobalSection
	GlobalSection(ExtensibilityGlobals) = postSolution
		SolutionGuid = {670FCB72-0C2A-4CF3-9312-966200DE6361}
	EndGlobalSection
EndGlobal
